
Microsoft Visual Studio Solution File, Format Version 12.00
# Visual Studio Version 17
VisualStudioVersion = 17.9.34728.123
MinimumVisualStudioVersion = 10.0.40219.1
Project("{FAE04EC0-301F-11D3-BF4B-00C04F79EFBC}") = "Jogo_BingoV8", "Jogo_BingoV8\Jogo_BingoV8.csproj", "{2DC2197B-9726-436F-AB2F-1FAE5F4C2D42}"
EndProject
Global
	GlobalSection(SolutionConfigurationPlatforms) = preSolution
		Debug|Any CPU = Debug|Any CPU
		Release|Any CPU = Release|Any CPU
	EndGlobalSection
	GlobalSection(ProjectConfigurationPlatforms) = postSolution
		{2DC2197B-9726-436F-AB2F-1FAE5F4C2D42}.Debug|Any CPU.ActiveCfg = Debug|Any CPU
		{2DC2197B-9726-436F-AB2F-1FAE5F4C2D42}.Debug|Any CPU.Build.0 = Debug|Any CPU
		{2DC2197B-9726-436F-AB2F-1FAE5F4C2D42}.Release|Any CPU.ActiveCfg = Release|Any CPU
		{2DC2197B-9726-436F-AB2F-1FAE5F4C2D42}.Release|Any CPU.Build.0 = Release|Any CPU
	EndGlobalSection
	GlobalSection(SolutionProperties) = preSolution
		HideSolutionNode = FALSE
	EndGlobalSection
	GlobalSection(ExtensibilityGlobals) = postSolution
		SolutionGuid = {B096D86E-58D3-4C52-98D7-409241459B75}
	EndGlobalSection
EndGlobal
